
Microsoft Visual Studio Solution File, Format Version 12.00
# Visual Studio 15
VisualStudioVersion = 15.0.28307.136
MinimumVisualStudioVersion = 10.0.40219.1
Project("{888888A0-9F3D-457C-B088-3A5042F75D52}") = "pyWorknesh", "pyWorknesh\pyWorknesh.pyproj", "{4FEB4AAB-4F92-4558-B750-A5FD2BF09698}"
EndProject
Global
	GlobalSection(SolutionConfigurationPlatforms) = preSolution
		Debug|Any CPU = Debug|Any CPU
		Release|Any CPU = Release|Any CPU
	EndGlobalSection
	GlobalSection(ProjectConfigurationPlatforms) = postSolution
		{4FEB4AAB-4F92-4558-B750-A5FD2BF09698}.Debug|Any CPU.ActiveCfg = Debug|Any CPU
		{4FEB4AAB-4F92-4558-B750-A5FD2BF09698}.Release|Any CPU.ActiveCfg = Release|Any CPU
	EndGlobalSection
	GlobalSection(SolutionProperties) = preSolution
		HideSolutionNode = FALSE
	EndGlobalSection
	GlobalSection(ExtensibilityGlobals) = postSolution
		SolutionGuid = {A1EFD275-157A-492F-A241-33CC1EC51194}
	EndGlobalSection
EndGlobal
